// !$*UTF8*$!
{
	archiveVersion = 1;
	classes = {
	};
	objectVersion = 50;
	objects = {

/* Begin PBXBuildFile section */
		C6A722CF26F76C99008F3E68 /* GuessAppApp.swift in Sources */ = {isa = PBXBuildFile; fileRef = C6A722CE26F76C99008F3E68 /* GuessAppApp.swift */; };
		C6A722D126F76C99008F3E68 /* ContentView.swift in Sources */ = {isa = PBXBuildFile; fileRef = C6A722D026F76C99008F3E68 /* ContentView.swift */; };
		C6A722D326F76C9B008F3E68 /* Assets.xcassets in Resources */ = {isa = PBXBuildFile; fileRef = C6A722D226F76C9B008F3E68 /* Assets.xcassets */; };
		C6A722D626F76C9B008F3E68 /* Preview Assets.xcassets in Resources */ = {isa = PBXBuildFile; fileRef = C6A722D526F76C9B008F3E68 /* Preview Assets.xcassets */; };
		C6A722DE26F76E02008F3E68 /* ButtonView.swift in Sources */ = {isa = PBXBuildFile; fileRef = C6A722DD26F76E02008F3E68 /* ButtonView.swift */; };
		C6A722E026F76FFE008F3E68 /* GameSlider.swift in Sources */ = {isa = PBXBuildFile; fileRef = C6A722DF26F76FFE008F3E68 /* GameSlider.swift */; };
		C6A722E226F791D3008F3E68 /* NumberView.swift in Sources */ = {isa = PBXBuildFile; fileRef = C6A722E126F791D3008F3E68 /* NumberView.swift */; };
		C6A722E626F79830008F3E68 /* MainTextView.swift in Sources */ = {isa = PBXBuildFile; fileRef = C6A722E526F79830008F3E68 /* MainTextView.swift */; };
		C6A722E826F7A21D008F3E68 /* SliderStack.swift in Sources */ = {isa = PBXBuildFile; fileRef = C6A722E726F7A21D008F3E68 /* SliderStack.swift */; };
/* End PBXBuildFile section */

/* Begin PBXFileReference section */
		C6A722CB26F76C99008F3E68 /* GuessApp.app */ = {isa = PBXFileReference; explicitFileType = wrapper.application; includeInIndex = 0; path = GuessApp.app; sourceTree = BUILT_PRODUCTS_DIR; };
		C6A722CE26F76C99008F3E68 /* GuessAppApp.swift */ = {isa = PBXFileReference; lastKnownFileType = sourcecode.swift; path = GuessAppApp.swift; sourceTree = "<group>"; };
		C6A722D026F76C99008F3E68 /* ContentView.swift */ = {isa = PBXFileReference; lastKnownFileType = sourcecode.swift; path = ContentView.swift; sourceTree = "<group>"; };
		C6A722D226F76C9B008F3E68 /* Assets.xcassets */ = {isa = PBXFileReference; lastKnownFileType = folder.assetcatalog; path = Assets.xcassets; sourceTree = "<group>"; };
		C6A722D526F76C9B008F3E68 /* Preview Assets.xcassets */ = {isa = PBXFileReference; lastKnownFileType = folder.assetcatalog; path = "Preview Assets.xcassets"; sourceTree = "<group>"; };
		C6A722D726F76C9B008F3E68 /* Info.plist */ = {isa = PBXFileReference; lastKnownFileType = text.plist.xml; path = Info.plist; sourceTree = "<group>"; };
		C6A722DD26F76E02008F3E68 /* ButtonView.swift */ = {isa = PBXFileReference; fileEncoding = 4; lastKnownFileType = sourcecode.swift; path = ButtonView.swift; sourceTree = "<group>"; };
		C6A722DF26F76FFE008F3E68 /* GameSlider.swift */ = {isa = PBXFileReference; lastKnownFileType = sourcecode.swift; path = GameSlider.swift; sourceTree = "<group>"; };
		C6A722E126F791D3008F3E68 /* NumberView.swift */ = {isa = PBXFileReference; lastKnownFileType = sourcecode.swift; path = NumberView.swift; sourceTree = "<group>"; };
		C6A722E526F79830008F3E68 /* MainTextView.swift */ = {isa = PBXFileReference; lastKnownFileType = sourcecode.swift; path = MainTextView.swift; sourceTree = "<group>"; };
		C6A722E726F7A21D008F3E68 /* SliderStack.swift */ = {isa = PBXFileReference; lastKnownFileType = sourcecode.swift; path = SliderStack.swift; sourceTree = "<group>"; };
/* End PBXFileReference section */

/* Begin PBXFrameworksBuildPhase section */
		C6A722C826F76C99008F3E68 /* Frameworks */ = {
			isa = PBXFrameworksBuildPhase;
			buildActionMask = 2147483647;
			files = (
			);
			runOnlyForDeploymentPostprocessing = 0;
		};
/* End PBXFrameworksBuildPhase section */

/* Begin PBXGroup section */
		C6A722C226F76C99008F3E68 = {
			isa = PBXGroup;
			children = (
				C6A722CD26F76C99008F3E68 /* GuessApp */,
				C6A722CC26F76C99008F3E68 /* Products */,
			);
			sourceTree = "<group>";
		};
		C6A722CC26F76C99008F3E68 /* Products */ = {
			isa = PBXGroup;
			children = (
				C6A722CB26F76C99008F3E68 /* GuessApp.app */,
			);
			name = Products;
			sourceTree = "<group>";
		};
		C6A722CD26F76C99008F3E68 /* GuessApp */ = {
			isa = PBXGroup;
			children = (
				C6A722CE26F76C99008F3E68 /* GuessAppApp.swift */,
				C6A722D026F76C99008F3E68 /* ContentView.swift */,
				C6F0943E2754C9670008719C /* Components */,
				C6A722D226F76C9B008F3E68 /* Assets.xcassets */,
				C6A722D726F76C9B008F3E68 /* Info.plist */,
				C6A722D426F76C9B008F3E68 /* Preview Content */,
			);
			path = GuessApp;
			sourceTree = "<group>";
		};
		C6A722D426F76C9B008F3E68 /* Preview Content */ = {
			isa = PBXGroup;
			children = (
				C6A722D526F76C9B008F3E68 /* Preview Assets.xcassets */,
			);
			path = "Preview Content";
			sourceTree = "<group>";
		};
		C6F0943E2754C9670008719C /* Components */ = {
			isa = PBXGroup;
			children = (
				C6A722E526F79830008F3E68 /* MainTextView.swift */,
				C6A722E126F791D3008F3E68 /* NumberView.swift */,
				C6A722E726F7A21D008F3E68 /* SliderStack.swift */,
				C6A722DF26F76FFE008F3E68 /* GameSlider.swift */,
				C6A722DD26F76E02008F3E68 /* ButtonView.swift */,
			);
			path = Components;
			sourceTree = "<group>";
		};
/* End PBXGroup section */

/* Begin PBXNativeTarget section */
		C6A722CA26F76C99008F3E68 /* GuessApp */ = {
			isa = PBXNativeTarget;
			buildConfigurationList = C6A722DA26F76C9B008F3E68 /* Build configuration list for PBXNativeTarget "GuessApp" */;
			buildPhases = (
				C6A722C726F76C99008F3E68 /* Sources */,
				C6A722C826F76C99008F3E68 /* Frameworks */,
				C6A722C926F76C99008F3E68 /* Resources */,
			);
			buildRules = (
			);
			dependencies = (
			);
			name = GuessApp;
			productName = GuessApp;
			productReference = C6A722CB26F76C99008F3E68 /* GuessApp.app */;
			productType = "com.apple.product-type.application";
		};
/* End PBXNativeTarget section */

/* Begin PBXProject section */
		C6A722C326F76C99008F3E68 /* Project object */ = {
			isa = PBXProject;
			attributes = {
				LastSwiftUpdateCheck = 1250;
				LastUpgradeCheck = 1250;
				TargetAttributes = {
					C6A722CA26F76C99008F3E68 = {
						CreatedOnToolsVersion = 12.5.1;
					};
				};
			};
			buildConfigurationList = C6A722C626F76C99008F3E68 /* Build configuration list for PBXProject "GuessApp" */;
			compatibilityVersion = "Xcode 9.3";
			developmentRegion = en;
			hasScannedForEncodings = 0;
			knownRegions = (
				en,
				Base,
			);
			mainGroup = C6A722C226F76C99008F3E68;
			productRefGroup = C6A722CC26F76C99008F3E68 /* Products */;
			projectDirPath = "";
			projectRoot = "";
			targets = (
				C6A722CA26F76C99008F3E68 /* GuessApp */,
			);
		};
/* End PBXProject section */

/* Begin PBXResourcesBuildPhase section */
		C6A722C926F76C99008F3E68 /* Resources */ = {
			isa = PBXResourcesBuildPhase;
			buildActionMask = 2147483647;
			files = (
				C6A722D626F76C9B008F3E68 /* Preview Assets.xcassets in Resources */,
				C6A722D326F76C9B008F3E68 /* Assets.xcassets in Resources */,
			);
			runOnlyForDeploymentPostprocessing = 0;
		};
/* End PBXResourcesBuildPhase section */

/* Begin PBXSourcesBuildPhase section */
		C6A722C726F76C99008F3E68 /* Sources */ = {
			isa = PBXSourcesBuildPhase;
			buildActionMask = 2147483647;
			files = (
				C6A722D126F76C99008F3E68 /* ContentView.swift in Sources */,
				C6A722CF26F76C99008F3E68 /* GuessAppApp.swift in Sources */,
				C6A722E026F76FFE008F3E68 /* GameSlider.swift in Sources */,
				C6A722E226F791D3008F3E68 /* NumberView.swift in Sources */,
				C6A722E626F79830008F3E68 /* MainTextView.swift in Sources */,
				C6A722DE26F76E02008F3E68 /* ButtonView.swift in Sources */,
				C6A722E826F7A21D008F3E68 /* SliderStack.swift in Sources */,
			);
			runOnlyForDeploymentPostprocessing = 0;
		};
/* End PBXSourcesBuildPhase section */

/* Begin XCBuildConfiguration section */
		C6A722D826F76C9B008F3E68 /* Debug */ = {
			isa = XCBuildConfiguration;
			buildSettings = {
				ALWAYS_SEARCH_USER_PATHS = NO;
				CLANG_ANALYZER_NONNULL = YES;
				CLANG_ANALYZER_NUMBER_OBJECT_CONVERSION = YES_AGGRESSIVE;
				CLANG_CXX_LANGUAGE_STANDARD = "gnu++14";
				CLANG_CXX_LIBRARY = "libc++";
				CLANG_ENABLE_MODULES = YES;
				CLANG_ENABLE_OBJC_ARC = YES;
				CLANG_ENABLE_OBJC_WEAK = YES;
				CLANG_WARN_BLOCK_CAPTURE_AUTORELEASING = YES;
				CLANG_WARN_BOOL_CONVERSION = YES;
				CLANG_WARN_COMMA = YES;
				CLANG_WARN_CONSTANT_CONVERSION = YES;
				CLANG_WARN_DEPRECATED_OBJC_IMPLEMENTATIONS = YES;
				CLANG_WARN_DIRECT_OBJC_ISA_USAGE = YES_ERROR;
				CLANG_WARN_DOCUMENTATION_COMMENTS = YES;
				CLANG_WARN_EMPTY_BODY = YES;
				CLANG_WARN_ENUM_CONVERSION = YES;
				CLANG_WARN_INFINITE_RECURSION = YES;
				CLANG_WARN_INT_CONVERSION = YES;
				CLANG_WARN_NON_LITERAL_NULL_CONVERSION = YES;
				CLANG_WARN_OBJC_IMPLICIT_RETAIN_SELF = YES;
				CLANG_WARN_OBJC_LITERAL_CONVERSION = YES;
				CLANG_WARN_OBJC_ROOT_CLASS = YES_ERROR;
				CLANG_WARN_QUOTED_INCLUDE_IN_FRAMEWORK_HEADER = YES;
				CLANG_WARN_RANGE_LOOP_ANALYSIS = YES;
				CLANG_WARN_STRICT_PROTOTYPES = YES;
				CLANG_WARN_SUSPICIOUS_MOVE = YES;
				CLANG_WARN_UNGUARDED_AVAILABILITY = YES_AGGRESSIVE;
				CLANG_WARN_UNREACHABLE_CODE = YES;
				CLANG_WARN__DUPLICATE_METHOD_MATCH = YES;
				COPY_PHASE_STRIP = NO;
				DEBUG_INFORMATION_FORMAT = dwarf;
				ENABLE_STRICT_OBJC_MSGSEND = YES;
				ENABLE_TESTABILITY = YES;
				GCC_C_LANGUAGE_STANDARD = gnu11;
				GCC_DYNAMIC_NO_PIC = NO;
				GCC_NO_COMMON_BLOCKS = YES;
				GCC_OPTIMIZATION_LEVEL = 0;
				GCC_PREPROCESSOR_DEFINITIONS = (
					"DEBUG=1",
					"$(inherited)",
				);
				GCC_WARN_64_TO_32_BIT_CONVERSION = YES;
				GCC_WARN_ABOUT_RETURN_TYPE = YES_ERROR;
				GCC_WARN_UNDECLARED_SELECTOR = YES;
				GCC_WARN_UNINITIALIZED_AUTOS = YES_AGGRESSIVE;
				GCC_WARN_UNUSED_FUNCTION = YES;
				GCC_WARN_UNUSED_VARIABLE = YES;
				IPHONEOS_DEPLOYMENT_TARGET = 14.5;
				MTL_ENABLE_DEBUG_INFO = INCLUDE_SOURCE;
				MTL_FAST_MATH = YES;
				ONLY_ACTIVE_ARCH = YES;
				SDKROOT = iphoneos;
				SWIFT_ACTIVE_COMPILATION_CONDITIONS = DEBUG;
				SWIFT_OPTIMIZATION_LEVEL = "-Onone";
			};
			name = Debug;
		};
		C6A722D926F76C9B008F3E68 /* Release */ = {
			isa = XCBuildConfiguration;
			buildSettings = {
				ALWAYS_SEARCH_USER_PATHS = NO;
				CLANG_ANALYZER_NONNULL = YES;
				CLANG_ANALYZER_NUMBER_OBJECT_CONVERSION = YES_AGGRESSIVE;
				CLANG_CXX_LANGUAGE_STANDARD = "gnu++14";
				CLANG_CXX_LIBRARY = "libc++";
				CLANG_ENABLE_MODULES = YES;
				CLANG_ENABLE_OBJC_ARC = YES;
				CLANG_ENABLE_OBJC_WEAK = YES;
				CLANG_WARN_BLOCK_CAPTURE_AUTORELEASING = YES;
				CLANG_WARN_BOOL_CONVERSION = YES;
				CLANG_WARN_COMMA = YES;
				CLANG_WARN_CONSTANT_CONVERSION = YES;
				CLANG_WARN_DEPRECATED_OBJC_IMPLEMENTATIONS = YES;
				CLANG_WARN_DIRECT_OBJC_ISA_USAGE = YES_ERROR;
				CLANG_WARN_DOCUMENTATION_COMMENTS = YES;
				CLANG_WARN_EMPTY_BODY = YES;
				CLANG_WARN_ENUM_CONVERSION = YES;
				CLANG_WARN_INFINITE_RECURSION = YES;
				CLANG_WARN_INT_CONVERSION = YES;
				CLANG_WARN_NON_LITERAL_NULL_CONVERSION = YES;
				CLANG_WARN_OBJC_IMPLICIT_RETAIN_SELF = YES;
				CLANG_WARN_OBJC_LITERAL_CONVERSION = YES;
				CLANG_WARN_OBJC_ROOT_CLASS = YES_ERROR;
				CLANG_WARN_QUOTED_INCLUDE_IN_FRAMEWORK_HEADER = YES;
				CLANG_WARN_RANGE_LOOP_ANALYSIS = YES;
				CLANG_WARN_STRICT_PROTOTYPES = YES;
				CLANG_WARN_SUSPICIOUS_MOVE = YES;
				CLANG_WARN_UNGUARDED_AVAILABILITY = YES_AGGRESSIVE;
				CLANG_WARN_UNREACHABLE_CODE = YES;
				CLANG_WARN__DUPLICATE_METHOD_MATCH = YES;
				COPY_PHASE_STRIP = NO;
				DEBUG_INFORMATION_FORMAT = "dwarf-with-dsym";
				ENABLE_NS_ASSERTIONS = NO;
				ENABLE_STRICT_OBJC_MSGSEND = YES;
				GCC_C_LANGUAGE_STANDARD = gnu11;
				GCC_NO_COMMON_BLOCKS = YES;
				GCC_WARN_64_TO_32_BIT_CONVERSION = YES;
				GCC_WARN_ABOUT_RETURN_TYPE = YES_ERROR;
				GCC_WARN_UNDECLARED_SELECTOR = YES;
				GCC_WARN_UNINITIALIZED_AUTOS = YES_AGGRESSIVE;
				GCC_WARN_UNUSED_FUNCTION = YES;
				GCC_WARN_UNUSED_VARIABLE = YES;
				IPHONEOS_DEPLOYMENT_TARGET = 14.5;
				MTL_ENABLE_DEBUG_INFO = NO;
				MTL_FAST_MATH = YES;
				SDKROOT = iphoneos;
				SWIFT_COMPILATION_MODE = wholemodule;
				SWIFT_OPTIMIZATION_LEVEL = "-O";
				VALIDATE_PRODUCT = YES;
			};
			name = Release;
		};
		C6A722DB26F76C9B008F3E68 /* Debug */ = {
			isa = XCBuildConfiguration;
			buildSettings = {
				ASSETCATALOG_COMPILER_APPICON_NAME = AppIcon;
				ASSETCATALOG_COMPILER_GLOBAL_ACCENT_COLOR_NAME = AccentColor;
				CODE_SIGN_STYLE = Automatic;
				DEVELOPMENT_ASSET_PATHS = "\"GuessApp/Preview Content\"";
				DEVELOPMENT_TEAM = 5QL6TNF9LL;
				ENABLE_PREVIEWS = YES;
				INFOPLIST_FILE = GuessApp/Info.plist;
				IPHONEOS_DEPLOYMENT_TARGET = 14.0;
				LD_RUNPATH_SEARCH_PATHS = (
					"$(inherited)",
					"@executable_path/Frameworks",
				);
				PRODUCT_BUNDLE_IDENTIFIER = Miller.GuessApp;
				PRODUCT_NAME = "$(TARGET_NAME)";
				SWIFT_VERSION = 5.0;
				TARGETED_DEVICE_FAMILY = "1,2";
			};
			name = Debug;
		};
		C6A722DC26F76C9B008F3E68 /* Release */ = {
			isa = XCBuildConfiguration;
			buildSettings = {
				ASSETCATALOG_COMPILER_APPICON_NAME = AppIcon;
				ASSETCATALOG_COMPILER_GLOBAL_ACCENT_COLOR_NAME = AccentColor;
				CODE_SIGN_STYLE = Automatic;
				DEVELOPMENT_ASSET_PATHS = "\"GuessApp/Preview Content\"";
				DEVELOPMENT_TEAM = 5QL6TNF9LL;
				ENABLE_PREVIEWS = YES;
				INFOPLIST_FILE = GuessApp/Info.plist;
				IPHONEOS_DEPLOYMENT_TARGET = 14.0;
				LD_RUNPATH_SEARCH_PATHS = (
					"$(inherited)",
					"@executable_path/Frameworks",
				);
				PRODUCT_BUNDLE_IDENTIFIER = Miller.GuessApp;
				PRODUCT_NAME = "$(TARGET_NAME)";
				SWIFT_VERSION = 5.0;
				TARGETED_DEVICE_FAMILY = "1,2";
			};
			name = Release;
		};
/* End XCBuildConfiguration section */

/* Begin XCConfigurationList section */
		C6A722C626F76C99008F3E68 /* Build configuration list for PBXProject "GuessApp" */ = {
			isa = XCConfigurationList;
			buildConfigurations = (
				C6A722D826F76C9B008F3E68 /* Debug */,
				C6A722D926F76C9B008F3E68 /* Release */,
			);
			defaultConfigurationIsVisible = 0;
			defaultConfigurationName = Release;
		};
		C6A722DA26F76C9B008F3E68 /* Build configuration list for PBXNativeTarget "GuessApp" */ = {
			isa = XCConfigurationList;
			buildConfigurations = (
				C6A722DB26F76C9B008F3E68 /* Debug */,
				C6A722DC26F76C9B008F3E68 /* Release */,
			);
			defaultConfigurationIsVisible = 0;
			defaultConfigurationName = Release;
		};
/* End XCConfigurationList section */
	};
	rootObject = C6A722C326F76C99008F3E68 /* Project object */;
}
